// !$*UTF8*$!
{
	archiveVersion = 1;
	classes = {
	};
	objectVersion = 46;
	objects = {

/* Begin PBXBuildFile section */
		D281CA001BDF604C00924584 /* AppDelegate.swift in Sources */ = {isa = PBXBuildFile; fileRef = D281C9FF1BDF604C00924584 /* AppDelegate.swift */; };
		D281CA021BDF604C00924584 /* ViewController.swift in Sources */ = {isa = PBXBuildFile; fileRef = D281CA011BDF604C00924584 /* ViewController.swift */; };
		D281CA051BDF604C00924584 /* Main.storyboard in Resources */ = {isa = PBXBuildFile; fileRef = D281CA031BDF604C00924584 /* Main.storyboard */; };
		D281CA071BDF604C00924584 /* Assets.xcassets in Resources */ = {isa = PBXBuildFile; fileRef = D281CA061BDF604C00924584 /* Assets.xcassets */; };
		D281CA0A1BDF604C00924584 /* LaunchScreen.storyboard in Resources */ = {isa = PBXBuildFile; fileRef = D281CA081BDF604C00924584 /* LaunchScreen.storyboard */; };
		D281CA151BDF604D00924584 /* BasicInteractionTests.swift in Sources */ = {isa = PBXBuildFile; fileRef = D281CA141BDF604D00924584 /* BasicInteractionTests.swift */; };
		D281CA201BDF604D00924584 /* BasicInteractionUITests.swift in Sources */ = {isa = PBXBuildFile; fileRef = D281CA1F1BDF604D00924584 /* BasicInteractionUITests.swift */; };
/* End PBXBuildFile section */

/* Begin PBXContainerItemProxy section */
		D281CA111BDF604D00924584 /* PBXContainerItemProxy */ = {
			isa = PBXContainerItemProxy;
			containerPortal = D281C9F41BDF604C00924584 /* Project object */;
			proxyType = 1;
			remoteGlobalIDString = D281C9FB1BDF604C00924584;
			remoteInfo = BasicInteraction;
		};
		D281CA1C1BDF604D00924584 /* PBXContainerItemProxy */ = {
			isa = PBXContainerItemProxy;
			containerPortal = D281C9F41BDF604C00924584 /* Project object */;
			proxyType = 1;
			remoteGlobalIDString = D281C9FB1BDF604C00924584;
			remoteInfo = BasicInteraction;
		};
/* End PBXContainerItemProxy section */

/* Begin PBXFileReference section */
		D281C9FC1BDF604C00924584 /* BasicInteraction.app */ = {isa = PBXFileReference; explicitFileType = wrapper.application; includeInIndex = 0; path = BasicInteraction.app; sourceTree = BUILT_PRODUCTS_DIR; };
		D281C9FF1BDF604C00924584 /* AppDelegate.swift */ = {isa = PBXFileReference; lastKnownFileType = sourcecode.swift; path = AppDelegate.swift; sourceTree = "<group>"; };
		D281CA011BDF604C00924584 /* ViewController.swift */ = {isa = PBXFileReference; lastKnownFileType = sourcecode.swift; path = ViewController.swift; sourceTree = "<group>"; };
		D281CA041BDF604C00924584 /* Base */ = {isa = PBXFileReference; lastKnownFileType = file.storyboard; name = Base; path = Base.lproj/Main.storyboard; sourceTree = "<group>"; };
		D281CA061BDF604C00924584 /* Assets.xcassets */ = {isa = PBXFileReference; lastKnownFileType = folder.assetcatalog; path = Assets.xcassets; sourceTree = "<group>"; };
		D281CA091BDF604C00924584 /* Base */ = {isa = PBXFileReference; lastKnownFileType = file.storyboard; name = Base; path = Base.lproj/LaunchScreen.storyboard; sourceTree = "<group>"; };
		D281CA0B1BDF604C00924584 /* Info.plist */ = {isa = PBXFileReference; lastKnownFileType = text.plist.xml; path = Info.plist; sourceTree = "<group>"; };
		D281CA101BDF604D00924584 /* BasicInteractionTests.xctest */ = {isa = PBXFileReference; explicitFileType = wrapper.cfbundle; includeInIndex = 0; path = BasicInteractionTests.xctest; sourceTree = BUILT_PRODUCTS_DIR; };
		D281CA141BDF604D00924584 /* BasicInteractionTests.swift */ = {isa = PBXFileReference; lastKnownFileType = sourcecode.swift; path = BasicInteractionTests.swift; sourceTree = "<group>"; };
		D281CA161BDF604D00924584 /* Info.plist */ = {isa = PBXFileReference; lastKnownFileType = text.plist.xml; path = Info.plist; sourceTree = "<group>"; };
		D281CA1B1BDF604D00924584 /* BasicInteractionUITests.xctest */ = {isa = PBXFileReference; explicitFileType = wrapper.cfbundle; includeInIndex = 0; path = BasicInteractionUITests.xctest; sourceTree = BUILT_PRODUCTS_DIR; };
		D281CA1F1BDF604D00924584 /* BasicInteractionUITests.swift */ = {isa = PBXFileReference; lastKnownFileType = sourcecode.swift; path = BasicInteractionUITests.swift; sourceTree = "<group>"; };
		D281CA211BDF604D00924584 /* Info.plist */ = {isa = PBXFileReference; lastKnownFileType = text.plist.xml; path = Info.plist; sourceTree = "<group>"; };
/* End PBXFileReference section */

/* Begin PBXFrameworksBuildPhase section */
		D281C9F91BDF604C00924584 /* Frameworks */ = {
			isa = PBXFrameworksBuildPhase;
			buildActionMask = 2147483647;
			files = (
			);
			runOnlyForDeploymentPostprocessing = 0;
		};
		D281CA0D1BDF604D00924584 /* Frameworks */ = {
			isa = PBXFrameworksBuildPhase;
			buildActionMask = 2147483647;
			files = (
			);
			runOnlyForDeploymentPostprocessing = 0;
		};
		D281CA181BDF604D00924584 /* Frameworks */ = {
			isa = PBXFrameworksBuildPhase;
			buildActionMask = 2147483647;
			files = (
			);
			runOnlyForDeploymentPostprocessing = 0;
		};
/* End PBXFrameworksBuildPhase section */

/* Begin PBXGroup section */
		D281C9F31BDF604C00924584 = {
			isa = PBXGroup;
			children = (
				D281C9FE1BDF604C00924584 /* BasicInteraction */,
				D281CA131BDF604D00924584 /* BasicInteractionTests */,
				D281CA1E1BDF604D00924584 /* BasicInteractionUITests */,
				D281C9FD1BDF604C00924584 /* Products */,
			);
			sourceTree = "<group>";
		};
		D281C9FD1BDF604C00924584 /* Products */ = {
			isa = PBXGroup;
			children = (
				D281C9FC1BDF604C00924584 /* BasicInteraction.app */,
				D281CA101BDF604D00924584 /* BasicInteractionTests.xctest */,
				D281CA1B1BDF604D00924584 /* BasicInteractionUITests.xctest */,
			);
			name = Products;
			sourceTree = "<group>";
		};
		D281C9FE1BDF604C00924584 /* BasicInteraction */ = {
			isa = PBXGroup;
			children = (
				D281C9FF1BDF604C00924584 /* AppDelegate.swift */,
				D281CA011BDF604C00924584 /* ViewController.swift */,
				D281CA031BDF604C00924584 /* Main.storyboard */,
				D281CA061BDF604C00924584 /* Assets.xcassets */,
				D281CA081BDF604C00924584 /* LaunchScreen.storyboard */,
				D281CA0B1BDF604C00924584 /* Info.plist */,
			);
			path = BasicInteraction;
			sourceTree = "<group>";
		};
		D281CA131BDF604D00924584 /* BasicInteractionTests */ = {
			isa = PBXGroup;
			children = (
				D281CA141BDF604D00924584 /* BasicInteractionTests.swift */,
				D281CA161BDF604D00924584 /* Info.plist */,
			);
			path = BasicInteractionTests;
			sourceTree = "<group>";
		};
		D281CA1E1BDF604D00924584 /* BasicInteractionUITests */ = {
			isa = PBXGroup;
			children = (
				D281CA1F1BDF604D00924584 /* BasicInteractionUITests.swift */,
				D281CA211BDF604D00924584 /* Info.plist */,
			);
			path = BasicInteractionUITests;
			sourceTree = "<group>";
		};
/* End PBXGroup section */

/* Begin PBXNativeTarget section */
		D281C9FB1BDF604C00924584 /* BasicInteraction */ = {
			isa = PBXNativeTarget;
			buildConfigurationList = D281CA241BDF604D00924584 /* Build configuration list for PBXNativeTarget "BasicInteraction" */;
			buildPhases = (
				D281C9F81BDF604C00924584 /* Sources */,
				D281C9F91BDF604C00924584 /* Frameworks */,
				D281C9FA1BDF604C00924584 /* Resources */,
			);
			buildRules = (
			);
			dependencies = (
			);
			name = BasicInteraction;
			productName = BasicInteraction;
			productReference = D281C9FC1BDF604C00924584 /* BasicInteraction.app */;
			productType = "com.apple.product-type.application";
		};
		D281CA0F1BDF604D00924584 /* BasicInteractionTests */ = {
			isa = PBXNativeTarget;
			buildConfigurationList = D281CA271BDF604D00924584 /* Build configuration list for PBXNativeTarget "BasicInteractionTests" */;
			buildPhases = (
				D281CA0C1BDF604D00924584 /* Sources */,
				D281CA0D1BDF604D00924584 /* Frameworks */,
				D281CA0E1BDF604D00924584 /* Resources */,
			);
			buildRules = (
			);
			dependencies = (
				D281CA121BDF604D00924584 /* PBXTargetDependency */,
			);
			name = BasicInteractionTests;
			productName = BasicInteractionTests;
			productReference = D281CA101BDF604D00924584 /* BasicInteractionTests.xctest */;
			productType = "com.apple.product-type.bundle.unit-test";
		};
		D281CA1A1BDF604D00924584 /* BasicInteractionUITests */ = {
			isa = PBXNativeTarget;
			buildConfigurationList = D281CA2A1BDF604D00924584 /* Build configuration list for PBXNativeTarget "BasicInteractionUITests" */;
			buildPhases = (
				D281CA171BDF604D00924584 /* Sources */,
				D281CA181BDF604D00924584 /* Frameworks */,
				D281CA191BDF604D00924584 /* Resources */,
			);
			buildRules = (
			);
			dependencies = (
				D281CA1D1BDF604D00924584 /* PBXTargetDependency */,
			);
			name = BasicInteractionUITests;
			productName = BasicInteractionUITests;
			productReference = D281CA1B1BDF604D00924584 /* BasicInteractionUITests.xctest */;
			productType = "com.apple.product-type.bundle.ui-testing";
		};
/* End PBXNativeTarget section */

/* Begin PBXProject section */
		D281C9F41BDF604C00924584 /* Project object */ = {
			isa = PBXProject;
			attributes = {
				LastSwiftUpdateCheck = 0710;
				LastUpgradeCheck = 0710;
				ORGANIZATIONNAME = "Vladimir Valter";
				TargetAttributes = {
					D281C9FB1BDF604C00924584 = {
						CreatedOnToolsVersion = 7.1;
					};
					D281CA0F1BDF604D00924584 = {
						CreatedOnToolsVersion = 7.1;
						TestTargetID = D281C9FB1BDF604C00924584;
					};
					D281CA1A1BDF604D00924584 = {
						CreatedOnToolsVersion = 7.1;
						TestTargetID = D281C9FB1BDF604C00924584;
					};
				};
			};
			buildConfigurationList = D281C9F71BDF604C00924584 /* Build configuration list for PBXProject "BasicInteraction" */;
			compatibilityVersion = "Xcode 3.2";
			developmentRegion = English;
			hasScannedForEncodings = 0;
			knownRegions = (
				en,
				Base,
			);
			mainGroup = D281C9F31BDF604C00924584;
			productRefGroup = D281C9FD1BDF604C00924584 /* Products */;
			projectDirPath = "";
			projectRoot = "";
			targets = (
				D281C9FB1BDF604C00924584 /* BasicInteraction */,
				D281CA0F1BDF604D00924584 /* BasicInteractionTests */,
				D281CA1A1BDF604D00924584 /* BasicInteractionUITests */,
			);
		};
/* End PBXProject section */

/* Begin PBXResourcesBuildPhase section */
		D281C9FA1BDF604C00924584 /* Resources */ = {
			isa = PBXResourcesBuildPhase;
			buildActionMask = 2147483647;
			files = (
				D281CA0A1BDF604C00924584 /* LaunchScreen.storyboard in Resources */,
				D281CA071BDF604C00924584 /* Assets.xcassets in Resources */,
				D281CA051BDF604C00924584 /* Main.storyboard in Resources */,
			);
			runOnlyForDeploymentPostprocessing = 0;
		};
		D281CA0E1BDF604D00924584 /* Resources */ = {
			isa = PBXResourcesBuildPhase;
			buildActionMask = 2147483647;
			files = (
			);
			runOnlyForDeploymentPostprocessing = 0;
		};
		D281CA191BDF604D00924584 /* Resources */ = {
			isa = PBXResourcesBuildPhase;
			buildActionMask = 2147483647;
			files = (
			);
			runOnlyForDeploymentPostprocessing = 0;
		};
/* End PBXResourcesBuildPhase section */

/* Begin PBXSourcesBuildPhase section */
		D281C9F81BDF604C00924584 /* Sources */ = {
			isa = PBXSourcesBuildPhase;
			buildActionMask = 2147483647;
			files = (
				D281CA021BDF604C00924584 /* ViewController.swift in Sources */,
				D281CA001BDF604C00924584 /* AppDelegate.swift in Sources */,
			);
			runOnlyForDeploymentPostprocessing = 0;
		};
		D281CA0C1BDF604D00924584 /* Sources */ = {
			isa = PBXSourcesBuildPhase;
			buildActionMask = 2147483647;
			files = (
				D281CA151BDF604D00924584 /* BasicInteractionTests.swift in Sources */,
			);
			runOnlyForDeploymentPostprocessing = 0;
		};
		D281CA171BDF604D00924584 /* Sources */ = {
			isa = PBXSourcesBuildPhase;
			buildActionMask = 2147483647;
			files = (
				D281CA201BDF604D00924584 /* BasicInteractionUITests.swift in Sources */,
			);
			runOnlyForDeploymentPostprocessing = 0;
		};
/* End PBXSourcesBuildPhase section */

/* Begin PBXTargetDependency section */
		D281CA121BDF604D00924584 /* PBXTargetDependency */ = {
			isa = PBXTargetDependency;
			target = D281C9FB1BDF604C00924584 /* BasicInteraction */;
			targetProxy = D281CA111BDF604D00924584 /* PBXContainerItemProxy */;
		};
		D281CA1D1BDF604D00924584 /* PBXTargetDependency */ = {
			isa = PBXTargetDependency;
			target = D281C9FB1BDF604C00924584 /* BasicInteraction */;
			targetProxy = D281CA1C1BDF604D00924584 /* PBXContainerItemProxy */;
		};
/* End PBXTargetDependency section */

/* Begin PBXVariantGroup section */
		D281CA031BDF604C00924584 /* Main.storyboard */ = {
			isa = PBXVariantGroup;
			children = (
				D281CA041BDF604C00924584 /* Base */,
			);
			name = Main.storyboard;
			sourceTree = "<group>";
		};
		D281CA081BDF604C00924584 /* LaunchScreen.storyboard */ = {
			isa = PBXVariantGroup;
			children = (
				D281CA091BDF604C00924584 /* Base */,
			);
			name = LaunchScreen.storyboard;
			sourceTree = "<group>";
		};
/* End PBXVariantGroup section */

/* Begin XCBuildConfiguration section */
		D281CA221BDF604D00924584 /* Debug */ = {
			isa = XCBuildConfiguration;
			buildSettings = {
				ALWAYS_SEARCH_USER_PATHS = NO;
				CLANG_CXX_LANGUAGE_STANDARD = "gnu++0x";
				CLANG_CXX_LIBRARY = "libc++";
				CLANG_ENABLE_MODULES = YES;
				CLANG_ENABLE_OBJC_ARC = YES;
				CLANG_WARN_BOOL_CONVERSION = YES;
				CLANG_WARN_CONSTANT_CONVERSION = YES;
				CLANG_WARN_DIRECT_OBJC_ISA_USAGE = YES_ERROR;
				CLANG_WARN_EMPTY_BODY = YES;
				CLANG_WARN_ENUM_CONVERSION = YES;
				CLANG_WARN_INT_CONVERSION = YES;
				CLANG_WARN_OBJC_ROOT_CLASS = YES_ERROR;
				CLANG_WARN_UNREACHABLE_CODE = YES;
				CLANG_WARN__DUPLICATE_METHOD_MATCH = YES;
				"CODE_SIGN_IDENTITY[sdk=iphoneos*]" = "iPhone Developer";
				COPY_PHASE_STRIP = NO;
				DEBUG_INFORMATION_FORMAT = dwarf;
				ENABLE_STRICT_OBJC_MSGSEND = YES;
				ENABLE_TESTABILITY = YES;
				GCC_C_LANGUAGE_STANDARD = gnu99;
				GCC_DYNAMIC_NO_PIC = NO;
				GCC_NO_COMMON_BLOCKS = YES;
				GCC_OPTIMIZATION_LEVEL = 0;
				GCC_PREPROCESSOR_DEFINITIONS = (
					"DEBUG=1",
					"$(inherited)",
				);
				GCC_WARN_64_TO_32_BIT_CONVERSION = YES;
				GCC_WARN_ABOUT_RETURN_TYPE = YES_ERROR;
				GCC_WARN_UNDECLARED_SELECTOR = YES;
				GCC_WARN_UNINITIALIZED_AUTOS = YES_AGGRESSIVE;
				GCC_WARN_UNUSED_FUNCTION = YES;
				GCC_WARN_UNUSED_VARIABLE = YES;
				IPHONEOS_DEPLOYMENT_TARGET = 9.1;
				MTL_ENABLE_DEBUG_INFO = YES;
				ONLY_ACTIVE_ARCH = YES;
				SDKROOT = iphoneos;
				SWIFT_OPTIMIZATION_LEVEL = "-Onone";
			};
			name = Debug;
		};
		D281CA231BDF604D00924584 /* Release */ = {
			isa = XCBuildConfiguration;
			buildSettings = {
				ALWAYS_SEARCH_USER_PATHS = NO;
				CLANG_CXX_LANGUAGE_STANDARD = "gnu++0x";
				CLANG_CXX_LIBRARY = "libc++";
				CLANG_ENABLE_MODULES = YES;
				CLANG_ENABLE_OBJC_ARC = YES;
				CLANG_WARN_BOOL_CONVERSION = YES;
				CLANG_WARN_CONSTANT_CONVERSION = YES;
				CLANG_WARN_DIRECT_OBJC_ISA_USAGE = YES_ERROR;
				CLANG_WARN_EMPTY_BODY = YES;
				CLANG_WARN_ENUM_CONVERSION = YES;
				CLANG_WARN_INT_CONVERSION = YES;
				CLANG_WARN_OBJC_ROOT_CLASS = YES_ERROR;
				CLANG_WARN_UNREACHABLE_CODE = YES;
				CLANG_WARN__DUPLICATE_METHOD_MATCH = YES;
				"CODE_SIGN_IDENTITY[sdk=iphoneos*]" = "iPhone Developer";
				COPY_PHASE_STRIP = NO;
				DEBUG_INFORMATION_FORMAT = "dwarf-with-dsym";
				ENABLE_NS_ASSERTIONS = NO;
				ENABLE_STRICT_OBJC_MSGSEND = YES;
				GCC_C_LANGUAGE_STANDARD = gnu99;
				GCC_NO_COMMON_BLOCKS = YES;
				GCC_WARN_64_TO_32_BIT_CONVERSION = YES;
				GCC_WARN_ABOUT_RETURN_TYPE = YES_ERROR;
				GCC_WARN_UNDECLARED_SELECTOR = YES;
				GCC_WARN_UNINITIALIZED_AUTOS = YES_AGGRESSIVE;
				GCC_WARN_UNUSED_FUNCTION = YES;
				GCC_WARN_UNUSED_VARIABLE = YES;
				IPHONEOS_DEPLOYMENT_TARGET = 9.1;
				MTL_ENABLE_DEBUG_INFO = NO;
				SDKROOT = iphoneos;
				VALIDATE_PRODUCT = YES;
			};
			name = Release;
		};
		D281CA251BDF604D00924584 /* Debug */ = {
			isa = XCBuildConfiguration;
			buildSettings = {
				ASSETCATALOG_COMPILER_APPICON_NAME = AppIcon;
				INFOPLIST_FILE = BasicInteraction/Info.plist;
				LD_RUNPATH_SEARCH_PATHS = "$(inherited) @executable_path/Frameworks";
				PRODUCT_BUNDLE_IDENTIFIER = com.yourcompany.BasicInteraction;
				PRODUCT_NAME = "$(TARGET_NAME)";
			};
			name = Debug;
		};
		D281CA261BDF604D00924584 /* Release */ = {
			isa = XCBuildConfiguration;
			buildSettings = {
				ASSETCATALOG_COMPILER_APPICON_NAME = AppIcon;
				INFOPLIST_FILE = BasicInteraction/Info.plist;
				LD_RUNPATH_SEARCH_PATHS = "$(inherited) @executable_path/Frameworks";
				PRODUCT_BUNDLE_IDENTIFIER = com.yourcompany.BasicInteraction;
				PRODUCT_NAME = "$(TARGET_NAME)";
			};
			name = Release;
		};
		D281CA281BDF604D00924584 /* Debug */ = {
			isa = XCBuildConfiguration;
			buildSettings = {
				BUNDLE_LOADER = "$(TEST_HOST)";
				INFOPLIST_FILE = BasicInteractionTests/Info.plist;
				LD_RUNPATH_SEARCH_PATHS = "$(inherited) @executable_path/Frameworks @loader_path/Frameworks";
				PRODUCT_BUNDLE_IDENTIFIER = com.yourcompany.BasicInteractionTests;
				PRODUCT_NAME = "$(TARGET_NAME)";
				TEST_HOST = "$(BUILT_PRODUCTS_DIR)/BasicInteraction.app/BasicInteraction";
			};
			name = Debug;
		};
		D281CA291BDF604D00924584 /* Release */ = {
			isa = XCBuildConfiguration;
			buildSettings = {
				BUNDLE_LOADER = "$(TEST_HOST)";
				INFOPLIST_FILE = BasicInteractionTests/Info.plist;
				LD_RUNPATH_SEARCH_PATHS = "$(inherited) @executable_path/Frameworks @loader_path/Frameworks";
				PRODUCT_BUNDLE_IDENTIFIER = com.yourcompany.BasicInteractionTests;
				PRODUCT_NAME = "$(TARGET_NAME)";
				TEST_HOST = "$(BUILT_PRODUCTS_DIR)/BasicInteraction.app/BasicInteraction";
			};
			name = Release;
		};
		D281CA2B1BDF604D00924584 /* Debug */ = {
			isa = XCBuildConfiguration;
			buildSettings = {
				INFOPLIST_FILE = BasicInteractionUITests/Info.plist;
				LD_RUNPATH_SEARCH_PATHS = "$(inherited) @executable_path/Frameworks @loader_path/Frameworks";
				PRODUCT_BUNDLE_IDENTIFIER = com.yourcompany.BasicInteractionUITests;
				PRODUCT_NAME = "$(TARGET_NAME)";
				TEST_TARGET_NAME = BasicInteraction;
				USES_XCTRUNNER = YES;
			};
			name = Debug;
		};
		D281CA2C1BDF604D00924584 /* Release */ = {
			isa = XCBuildConfiguration;
			buildSettings = {
				INFOPLIST_FILE = BasicInteractionUITests/Info.plist;
				LD_RUNPATH_SEARCH_PATHS = "$(inherited) @executable_path/Frameworks @loader_path/Frameworks";
				PRODUCT_BUNDLE_IDENTIFIER = com.yourcompany.BasicInteractionUITests;
				PRODUCT_NAME = "$(TARGET_NAME)";
				TEST_TARGET_NAME = BasicInteraction;
				USES_XCTRUNNER = YES;
			};
			name = Release;
		};
/* End XCBuildConfiguration section */

/* Begin XCConfigurationList section */
		D281C9F71BDF604C00924584 /* Build configuration list for PBXProject "BasicInteraction" */ = {
			isa = XCConfigurationList;
			buildConfigurations = (
				D281CA221BDF604D00924584 /* Debug */,
				D281CA231BDF604D00924584 /* Release */,
			);
			defaultConfigurationIsVisible = 0;
			defaultConfigurationName = Release;
		};
		D281CA241BDF604D00924584 /* Build configuration list for PBXNativeTarget "BasicInteraction" */ = {
			isa = XCConfigurationList;
			buildConfigurations = (
				D281CA251BDF604D00924584 /* Debug */,
				D281CA261BDF604D00924584 /* Release */,
			);
			defaultConfigurationIsVisible = 0;
		};
		D281CA271BDF604D00924584 /* Build configuration list for PBXNativeTarget "BasicInteractionTests" */ = {
			isa = XCConfigurationList;
			buildConfigurations = (
				D281CA281BDF604D00924584 /* Debug */,
				D281CA291BDF604D00924584 /* Release */,
			);
			defaultConfigurationIsVisible = 0;
		};
		D281CA2A1BDF604D00924584 /* Build configuration list for PBXNativeTarget "BasicInteractionUITests" */ = {
			isa = XCConfigurationList;
			buildConfigurations = (
				D281CA2B1BDF604D00924584 /* Debug */,
				D281CA2C1BDF604D00924584 /* Release */,
			);
			defaultConfigurationIsVisible = 0;
		};
/* End XCConfigurationList section */
	};
	rootObject = D281C9F41BDF604C00924584 /* Project object */;
}
