// !$*UTF8*$!
{
	archiveVersion = 1;
	classes = {
	};
	objectVersion = 46;
	objects = {

/* Begin PBXBuildFile section */
		D2EF73AF1C82DC64002A6858 /* AppDelegate.swift in Sources */ = {isa = PBXBuildFile; fileRef = D2EF73AE1C82DC64002A6858 /* AppDelegate.swift */; };
		D2EF73B11C82DC64002A6858 /* ViewController.swift in Sources */ = {isa = PBXBuildFile; fileRef = D2EF73B01C82DC64002A6858 /* ViewController.swift */; };
		D2EF73B41C82DC64002A6858 /* Main.storyboard in Resources */ = {isa = PBXBuildFile; fileRef = D2EF73B21C82DC64002A6858 /* Main.storyboard */; };
		D2EF73B61C82DC64002A6858 /* Assets.xcassets in Resources */ = {isa = PBXBuildFile; fileRef = D2EF73B51C82DC64002A6858 /* Assets.xcassets */; };
		D2EF73B91C82DC64002A6858 /* LaunchScreen.storyboard in Resources */ = {isa = PBXBuildFile; fileRef = D2EF73B71C82DC64002A6858 /* LaunchScreen.storyboard */; };
		D2EF73C41C82DC64002A6858 /* FirstDemoTests.swift in Sources */ = {isa = PBXBuildFile; fileRef = D2EF73C31C82DC64002A6858 /* FirstDemoTests.swift */; };
		D2EF73CF1C82DC64002A6858 /* FirstDemoUITests.swift in Sources */ = {isa = PBXBuildFile; fileRef = D2EF73CE1C82DC64002A6858 /* FirstDemoUITests.swift */; };
/* End PBXBuildFile section */

/* Begin PBXContainerItemProxy section */
		D2EF73C01C82DC64002A6858 /* PBXContainerItemProxy */ = {
			isa = PBXContainerItemProxy;
			containerPortal = D2EF73A31C82DC64002A6858 /* Project object */;
			proxyType = 1;
			remoteGlobalIDString = D2EF73AA1C82DC64002A6858;
			remoteInfo = FirstDemo;
		};
		D2EF73CB1C82DC64002A6858 /* PBXContainerItemProxy */ = {
			isa = PBXContainerItemProxy;
			containerPortal = D2EF73A31C82DC64002A6858 /* Project object */;
			proxyType = 1;
			remoteGlobalIDString = D2EF73AA1C82DC64002A6858;
			remoteInfo = FirstDemo;
		};
/* End PBXContainerItemProxy section */

/* Begin PBXFileReference section */
		D2EF73AB1C82DC64002A6858 /* FirstDemo.app */ = {isa = PBXFileReference; explicitFileType = wrapper.application; includeInIndex = 0; path = FirstDemo.app; sourceTree = BUILT_PRODUCTS_DIR; };
		D2EF73AE1C82DC64002A6858 /* AppDelegate.swift */ = {isa = PBXFileReference; lastKnownFileType = sourcecode.swift; path = AppDelegate.swift; sourceTree = "<group>"; };
		D2EF73B01C82DC64002A6858 /* ViewController.swift */ = {isa = PBXFileReference; lastKnownFileType = sourcecode.swift; path = ViewController.swift; sourceTree = "<group>"; };
		D2EF73B31C82DC64002A6858 /* Base */ = {isa = PBXFileReference; lastKnownFileType = file.storyboard; name = Base; path = Base.lproj/Main.storyboard; sourceTree = "<group>"; };
		D2EF73B51C82DC64002A6858 /* Assets.xcassets */ = {isa = PBXFileReference; lastKnownFileType = folder.assetcatalog; path = Assets.xcassets; sourceTree = "<group>"; };
		D2EF73B81C82DC64002A6858 /* Base */ = {isa = PBXFileReference; lastKnownFileType = file.storyboard; name = Base; path = Base.lproj/LaunchScreen.storyboard; sourceTree = "<group>"; };
		D2EF73BA1C82DC64002A6858 /* Info.plist */ = {isa = PBXFileReference; lastKnownFileType = text.plist.xml; path = Info.plist; sourceTree = "<group>"; };
		D2EF73BF1C82DC64002A6858 /* FirstDemoTests.xctest */ = {isa = PBXFileReference; explicitFileType = wrapper.cfbundle; includeInIndex = 0; path = FirstDemoTests.xctest; sourceTree = BUILT_PRODUCTS_DIR; };
		D2EF73C31C82DC64002A6858 /* FirstDemoTests.swift */ = {isa = PBXFileReference; lastKnownFileType = sourcecode.swift; path = FirstDemoTests.swift; sourceTree = "<group>"; };
		D2EF73C51C82DC64002A6858 /* Info.plist */ = {isa = PBXFileReference; lastKnownFileType = text.plist.xml; path = Info.plist; sourceTree = "<group>"; };
		D2EF73CA1C82DC64002A6858 /* FirstDemoUITests.xctest */ = {isa = PBXFileReference; explicitFileType = wrapper.cfbundle; includeInIndex = 0; path = FirstDemoUITests.xctest; sourceTree = BUILT_PRODUCTS_DIR; };
		D2EF73CE1C82DC64002A6858 /* FirstDemoUITests.swift */ = {isa = PBXFileReference; lastKnownFileType = sourcecode.swift; path = FirstDemoUITests.swift; sourceTree = "<group>"; };
		D2EF73D01C82DC64002A6858 /* Info.plist */ = {isa = PBXFileReference; lastKnownFileType = text.plist.xml; path = Info.plist; sourceTree = "<group>"; };
/* End PBXFileReference section */

/* Begin PBXFrameworksBuildPhase section */
		D2EF73A81C82DC64002A6858 /* Frameworks */ = {
			isa = PBXFrameworksBuildPhase;
			buildActionMask = 2147483647;
			files = (
			);
			runOnlyForDeploymentPostprocessing = 0;
		};
		D2EF73BC1C82DC64002A6858 /* Frameworks */ = {
			isa = PBXFrameworksBuildPhase;
			buildActionMask = 2147483647;
			files = (
			);
			runOnlyForDeploymentPostprocessing = 0;
		};
		D2EF73C71C82DC64002A6858 /* Frameworks */ = {
			isa = PBXFrameworksBuildPhase;
			buildActionMask = 2147483647;
			files = (
			);
			runOnlyForDeploymentPostprocessing = 0;
		};
/* End PBXFrameworksBuildPhase section */

/* Begin PBXGroup section */
		D2EF73A21C82DC64002A6858 = {
			isa = PBXGroup;
			children = (
				D2EF73AD1C82DC64002A6858 /* FirstDemo */,
				D2EF73C21C82DC64002A6858 /* FirstDemoTests */,
				D2EF73CD1C82DC64002A6858 /* FirstDemoUITests */,
				D2EF73AC1C82DC64002A6858 /* Products */,
			);
			sourceTree = "<group>";
		};
		D2EF73AC1C82DC64002A6858 /* Products */ = {
			isa = PBXGroup;
			children = (
				D2EF73AB1C82DC64002A6858 /* FirstDemo.app */,
				D2EF73BF1C82DC64002A6858 /* FirstDemoTests.xctest */,
				D2EF73CA1C82DC64002A6858 /* FirstDemoUITests.xctest */,
			);
			name = Products;
			sourceTree = "<group>";
		};
		D2EF73AD1C82DC64002A6858 /* FirstDemo */ = {
			isa = PBXGroup;
			children = (
				D2EF73AE1C82DC64002A6858 /* AppDelegate.swift */,
				D2EF73B01C82DC64002A6858 /* ViewController.swift */,
				D2EF73B21C82DC64002A6858 /* Main.storyboard */,
				D2EF73B51C82DC64002A6858 /* Assets.xcassets */,
				D2EF73B71C82DC64002A6858 /* LaunchScreen.storyboard */,
				D2EF73BA1C82DC64002A6858 /* Info.plist */,
			);
			path = FirstDemo;
			sourceTree = "<group>";
		};
		D2EF73C21C82DC64002A6858 /* FirstDemoTests */ = {
			isa = PBXGroup;
			children = (
				D2EF73C31C82DC64002A6858 /* FirstDemoTests.swift */,
				D2EF73C51C82DC64002A6858 /* Info.plist */,
			);
			path = FirstDemoTests;
			sourceTree = "<group>";
		};
		D2EF73CD1C82DC64002A6858 /* FirstDemoUITests */ = {
			isa = PBXGroup;
			children = (
				D2EF73CE1C82DC64002A6858 /* FirstDemoUITests.swift */,
				D2EF73D01C82DC64002A6858 /* Info.plist */,
			);
			path = FirstDemoUITests;
			sourceTree = "<group>";
		};
/* End PBXGroup section */

/* Begin PBXNativeTarget section */
		D2EF73AA1C82DC64002A6858 /* FirstDemo */ = {
			isa = PBXNativeTarget;
			buildConfigurationList = D2EF73D31C82DC64002A6858 /* Build configuration list for PBXNativeTarget "FirstDemo" */;
			buildPhases = (
				D2EF73A71C82DC64002A6858 /* Sources */,
				D2EF73A81C82DC64002A6858 /* Frameworks */,
				D2EF73A91C82DC64002A6858 /* Resources */,
			);
			buildRules = (
			);
			dependencies = (
			);
			name = FirstDemo;
			productName = FirstDemo;
			productReference = D2EF73AB1C82DC64002A6858 /* FirstDemo.app */;
			productType = "com.apple.product-type.application";
		};
		D2EF73BE1C82DC64002A6858 /* FirstDemoTests */ = {
			isa = PBXNativeTarget;
			buildConfigurationList = D2EF73D61C82DC64002A6858 /* Build configuration list for PBXNativeTarget "FirstDemoTests" */;
			buildPhases = (
				D2EF73BB1C82DC64002A6858 /* Sources */,
				D2EF73BC1C82DC64002A6858 /* Frameworks */,
				D2EF73BD1C82DC64002A6858 /* Resources */,
			);
			buildRules = (
			);
			dependencies = (
				D2EF73C11C82DC64002A6858 /* PBXTargetDependency */,
			);
			name = FirstDemoTests;
			productName = FirstDemoTests;
			productReference = D2EF73BF1C82DC64002A6858 /* FirstDemoTests.xctest */;
			productType = "com.apple.product-type.bundle.unit-test";
		};
		D2EF73C91C82DC64002A6858 /* FirstDemoUITests */ = {
			isa = PBXNativeTarget;
			buildConfigurationList = D2EF73D91C82DC64002A6858 /* Build configuration list for PBXNativeTarget "FirstDemoUITests" */;
			buildPhases = (
				D2EF73C61C82DC64002A6858 /* Sources */,
				D2EF73C71C82DC64002A6858 /* Frameworks */,
				D2EF73C81C82DC64002A6858 /* Resources */,
			);
			buildRules = (
			);
			dependencies = (
				D2EF73CC1C82DC64002A6858 /* PBXTargetDependency */,
			);
			name = FirstDemoUITests;
			productName = FirstDemoUITests;
			productReference = D2EF73CA1C82DC64002A6858 /* FirstDemoUITests.xctest */;
			productType = "com.apple.product-type.bundle.ui-testing";
		};
/* End PBXNativeTarget section */

/* Begin PBXProject section */
		D2EF73A31C82DC64002A6858 /* Project object */ = {
			isa = PBXProject;
			attributes = {
				LastSwiftUpdateCheck = 0720;
				LastUpgradeCheck = 0720;
				ORGANIZATIONNAME = "Vladimir Valter";
				TargetAttributes = {
					D2EF73AA1C82DC64002A6858 = {
						CreatedOnToolsVersion = 7.2.1;
					};
					D2EF73BE1C82DC64002A6858 = {
						CreatedOnToolsVersion = 7.2.1;
						TestTargetID = D2EF73AA1C82DC64002A6858;
					};
					D2EF73C91C82DC64002A6858 = {
						CreatedOnToolsVersion = 7.2.1;
						TestTargetID = D2EF73AA1C82DC64002A6858;
					};
				};
			};
			buildConfigurationList = D2EF73A61C82DC64002A6858 /* Build configuration list for PBXProject "FirstDemo" */;
			compatibilityVersion = "Xcode 3.2";
			developmentRegion = English;
			hasScannedForEncodings = 0;
			knownRegions = (
				en,
				Base,
			);
			mainGroup = D2EF73A21C82DC64002A6858;
			productRefGroup = D2EF73AC1C82DC64002A6858 /* Products */;
			projectDirPath = "";
			projectRoot = "";
			targets = (
				D2EF73AA1C82DC64002A6858 /* FirstDemo */,
				D2EF73BE1C82DC64002A6858 /* FirstDemoTests */,
				D2EF73C91C82DC64002A6858 /* FirstDemoUITests */,
			);
		};
/* End PBXProject section */

/* Begin PBXResourcesBuildPhase section */
		D2EF73A91C82DC64002A6858 /* Resources */ = {
			isa = PBXResourcesBuildPhase;
			buildActionMask = 2147483647;
			files = (
				D2EF73B91C82DC64002A6858 /* LaunchScreen.storyboard in Resources */,
				D2EF73B61C82DC64002A6858 /* Assets.xcassets in Resources */,
				D2EF73B41C82DC64002A6858 /* Main.storyboard in Resources */,
			);
			runOnlyForDeploymentPostprocessing = 0;
		};
		D2EF73BD1C82DC64002A6858 /* Resources */ = {
			isa = PBXResourcesBuildPhase;
			buildActionMask = 2147483647;
			files = (
			);
			runOnlyForDeploymentPostprocessing = 0;
		};
		D2EF73C81C82DC64002A6858 /* Resources */ = {
			isa = PBXResourcesBuildPhase;
			buildActionMask = 2147483647;
			files = (
			);
			runOnlyForDeploymentPostprocessing = 0;
		};
/* End PBXResourcesBuildPhase section */

/* Begin PBXSourcesBuildPhase section */
		D2EF73A71C82DC64002A6858 /* Sources */ = {
			isa = PBXSourcesBuildPhase;
			buildActionMask = 2147483647;
			files = (
				D2EF73B11C82DC64002A6858 /* ViewController.swift in Sources */,
				D2EF73AF1C82DC64002A6858 /* AppDelegate.swift in Sources */,
			);
			runOnlyForDeploymentPostprocessing = 0;
		};
		D2EF73BB1C82DC64002A6858 /* Sources */ = {
			isa = PBXSourcesBuildPhase;
			buildActionMask = 2147483647;
			files = (
				D2EF73C41C82DC64002A6858 /* FirstDemoTests.swift in Sources */,
			);
			runOnlyForDeploymentPostprocessing = 0;
		};
		D2EF73C61C82DC64002A6858 /* Sources */ = {
			isa = PBXSourcesBuildPhase;
			buildActionMask = 2147483647;
			files = (
				D2EF73CF1C82DC64002A6858 /* FirstDemoUITests.swift in Sources */,
			);
			runOnlyForDeploymentPostprocessing = 0;
		};
/* End PBXSourcesBuildPhase section */

/* Begin PBXTargetDependency section */
		D2EF73C11C82DC64002A6858 /* PBXTargetDependency */ = {
			isa = PBXTargetDependency;
			target = D2EF73AA1C82DC64002A6858 /* FirstDemo */;
			targetProxy = D2EF73C01C82DC64002A6858 /* PBXContainerItemProxy */;
		};
		D2EF73CC1C82DC64002A6858 /* PBXTargetDependency */ = {
			isa = PBXTargetDependency;
			target = D2EF73AA1C82DC64002A6858 /* FirstDemo */;
			targetProxy = D2EF73CB1C82DC64002A6858 /* PBXContainerItemProxy */;
		};
/* End PBXTargetDependency section */

/* Begin PBXVariantGroup section */
		D2EF73B21C82DC64002A6858 /* Main.storyboard */ = {
			isa = PBXVariantGroup;
			children = (
				D2EF73B31C82DC64002A6858 /* Base */,
			);
			name = Main.storyboard;
			sourceTree = "<group>";
		};
		D2EF73B71C82DC64002A6858 /* LaunchScreen.storyboard */ = {
			isa = PBXVariantGroup;
			children = (
				D2EF73B81C82DC64002A6858 /* Base */,
			);
			name = LaunchScreen.storyboard;
			sourceTree = "<group>";
		};
/* End PBXVariantGroup section */

/* Begin XCBuildConfiguration section */
		D2EF73D11C82DC64002A6858 /* Debug */ = {
			isa = XCBuildConfiguration;
			buildSettings = {
				ALWAYS_SEARCH_USER_PATHS = NO;
				CLANG_CXX_LANGUAGE_STANDARD = "gnu++0x";
				CLANG_CXX_LIBRARY = "libc++";
				CLANG_ENABLE_MODULES = YES;
				CLANG_ENABLE_OBJC_ARC = YES;
				CLANG_WARN_BOOL_CONVERSION = YES;
				CLANG_WARN_CONSTANT_CONVERSION = YES;
				CLANG_WARN_DIRECT_OBJC_ISA_USAGE = YES_ERROR;
				CLANG_WARN_EMPTY_BODY = YES;
				CLANG_WARN_ENUM_CONVERSION = YES;
				CLANG_WARN_INT_CONVERSION = YES;
				CLANG_WARN_OBJC_ROOT_CLASS = YES_ERROR;
				CLANG_WARN_UNREACHABLE_CODE = YES;
				CLANG_WARN__DUPLICATE_METHOD_MATCH = YES;
				"CODE_SIGN_IDENTITY[sdk=iphoneos*]" = "iPhone Developer";
				COPY_PHASE_STRIP = NO;
				DEBUG_INFORMATION_FORMAT = dwarf;
				ENABLE_STRICT_OBJC_MSGSEND = YES;
				ENABLE_TESTABILITY = YES;
				GCC_C_LANGUAGE_STANDARD = gnu99;
				GCC_DYNAMIC_NO_PIC = NO;
				GCC_NO_COMMON_BLOCKS = YES;
				GCC_OPTIMIZATION_LEVEL = 0;
				GCC_PREPROCESSOR_DEFINITIONS = (
					"DEBUG=1",
					"$(inherited)",
				);
				GCC_WARN_64_TO_32_BIT_CONVERSION = YES;
				GCC_WARN_ABOUT_RETURN_TYPE = YES_ERROR;
				GCC_WARN_UNDECLARED_SELECTOR = YES;
				GCC_WARN_UNINITIALIZED_AUTOS = YES_AGGRESSIVE;
				GCC_WARN_UNUSED_FUNCTION = YES;
				GCC_WARN_UNUSED_VARIABLE = YES;
				IPHONEOS_DEPLOYMENT_TARGET = 9.2;
				MTL_ENABLE_DEBUG_INFO = YES;
				ONLY_ACTIVE_ARCH = YES;
				SDKROOT = iphoneos;
				SWIFT_OPTIMIZATION_LEVEL = "-Onone";
			};
			name = Debug;
		};
		D2EF73D21C82DC64002A6858 /* Release */ = {
			isa = XCBuildConfiguration;
			buildSettings = {
				ALWAYS_SEARCH_USER_PATHS = NO;
				CLANG_CXX_LANGUAGE_STANDARD = "gnu++0x";
				CLANG_CXX_LIBRARY = "libc++";
				CLANG_ENABLE_MODULES = YES;
				CLANG_ENABLE_OBJC_ARC = YES;
				CLANG_WARN_BOOL_CONVERSION = YES;
				CLANG_WARN_CONSTANT_CONVERSION = YES;
				CLANG_WARN_DIRECT_OBJC_ISA_USAGE = YES_ERROR;
				CLANG_WARN_EMPTY_BODY = YES;
				CLANG_WARN_ENUM_CONVERSION = YES;
				CLANG_WARN_INT_CONVERSION = YES;
				CLANG_WARN_OBJC_ROOT_CLASS = YES_ERROR;
				CLANG_WARN_UNREACHABLE_CODE = YES;
				CLANG_WARN__DUPLICATE_METHOD_MATCH = YES;
				"CODE_SIGN_IDENTITY[sdk=iphoneos*]" = "iPhone Developer";
				COPY_PHASE_STRIP = NO;
				DEBUG_INFORMATION_FORMAT = "dwarf-with-dsym";
				ENABLE_NS_ASSERTIONS = NO;
				ENABLE_STRICT_OBJC_MSGSEND = YES;
				GCC_C_LANGUAGE_STANDARD = gnu99;
				GCC_NO_COMMON_BLOCKS = YES;
				GCC_WARN_64_TO_32_BIT_CONVERSION = YES;
				GCC_WARN_ABOUT_RETURN_TYPE = YES_ERROR;
				GCC_WARN_UNDECLARED_SELECTOR = YES;
				GCC_WARN_UNINITIALIZED_AUTOS = YES_AGGRESSIVE;
				GCC_WARN_UNUSED_FUNCTION = YES;
				GCC_WARN_UNUSED_VARIABLE = YES;
				IPHONEOS_DEPLOYMENT_TARGET = 9.2;
				MTL_ENABLE_DEBUG_INFO = NO;
				SDKROOT = iphoneos;
				VALIDATE_PRODUCT = YES;
			};
			name = Release;
		};
		D2EF73D41C82DC64002A6858 /* Debug */ = {
			isa = XCBuildConfiguration;
			buildSettings = {
				ASSETCATALOG_COMPILER_APPICON_NAME = AppIcon;
				INFOPLIST_FILE = FirstDemo/Info.plist;
				LD_RUNPATH_SEARCH_PATHS = "$(inherited) @executable_path/Frameworks";
				PRODUCT_BUNDLE_IDENTIFIER = com.vladimirvalter.FirstDemo;
				PRODUCT_NAME = "$(TARGET_NAME)";
			};
			name = Debug;
		};
		D2EF73D51C82DC64002A6858 /* Release */ = {
			isa = XCBuildConfiguration;
			buildSettings = {
				ASSETCATALOG_COMPILER_APPICON_NAME = AppIcon;
				INFOPLIST_FILE = FirstDemo/Info.plist;
				LD_RUNPATH_SEARCH_PATHS = "$(inherited) @executable_path/Frameworks";
				PRODUCT_BUNDLE_IDENTIFIER = com.vladimirvalter.FirstDemo;
				PRODUCT_NAME = "$(TARGET_NAME)";
			};
			name = Release;
		};
		D2EF73D71C82DC64002A6858 /* Debug */ = {
			isa = XCBuildConfiguration;
			buildSettings = {
				BUNDLE_LOADER = "$(TEST_HOST)";
				INFOPLIST_FILE = FirstDemoTests/Info.plist;
				LD_RUNPATH_SEARCH_PATHS = "$(inherited) @executable_path/Frameworks @loader_path/Frameworks";
				PRODUCT_BUNDLE_IDENTIFIER = com.vladimirvalter.FirstDemoTests;
				PRODUCT_NAME = "$(TARGET_NAME)";
				TEST_HOST = "$(BUILT_PRODUCTS_DIR)/FirstDemo.app/FirstDemo";
			};
			name = Debug;
		};
		D2EF73D81C82DC64002A6858 /* Release */ = {
			isa = XCBuildConfiguration;
			buildSettings = {
				BUNDLE_LOADER = "$(TEST_HOST)";
				INFOPLIST_FILE = FirstDemoTests/Info.plist;
				LD_RUNPATH_SEARCH_PATHS = "$(inherited) @executable_path/Frameworks @loader_path/Frameworks";
				PRODUCT_BUNDLE_IDENTIFIER = com.vladimirvalter.FirstDemoTests;
				PRODUCT_NAME = "$(TARGET_NAME)";
				TEST_HOST = "$(BUILT_PRODUCTS_DIR)/FirstDemo.app/FirstDemo";
			};
			name = Release;
		};
		D2EF73DA1C82DC64002A6858 /* Debug */ = {
			isa = XCBuildConfiguration;
			buildSettings = {
				INFOPLIST_FILE = FirstDemoUITests/Info.plist;
				LD_RUNPATH_SEARCH_PATHS = "$(inherited) @executable_path/Frameworks @loader_path/Frameworks";
				PRODUCT_BUNDLE_IDENTIFIER = com.vladimirvalter.FirstDemoUITests;
				PRODUCT_NAME = "$(TARGET_NAME)";
				TEST_TARGET_NAME = FirstDemo;
				USES_XCTRUNNER = YES;
			};
			name = Debug;
		};
		D2EF73DB1C82DC64002A6858 /* Release */ = {
			isa = XCBuildConfiguration;
			buildSettings = {
				INFOPLIST_FILE = FirstDemoUITests/Info.plist;
				LD_RUNPATH_SEARCH_PATHS = "$(inherited) @executable_path/Frameworks @loader_path/Frameworks";
				PRODUCT_BUNDLE_IDENTIFIER = com.vladimirvalter.FirstDemoUITests;
				PRODUCT_NAME = "$(TARGET_NAME)";
				TEST_TARGET_NAME = FirstDemo;
				USES_XCTRUNNER = YES;
			};
			name = Release;
		};
/* End XCBuildConfiguration section */

/* Begin XCConfigurationList section */
		D2EF73A61C82DC64002A6858 /* Build configuration list for PBXProject "FirstDemo" */ = {
			isa = XCConfigurationList;
			buildConfigurations = (
				D2EF73D11C82DC64002A6858 /* Debug */,
				D2EF73D21C82DC64002A6858 /* Release */,
			);
			defaultConfigurationIsVisible = 0;
			defaultConfigurationName = Release;
		};
		D2EF73D31C82DC64002A6858 /* Build configuration list for PBXNativeTarget "FirstDemo" */ = {
			isa = XCConfigurationList;
			buildConfigurations = (
				D2EF73D41C82DC64002A6858 /* Debug */,
				D2EF73D51C82DC64002A6858 /* Release */,
			);
			defaultConfigurationIsVisible = 0;
		};
		D2EF73D61C82DC64002A6858 /* Build configuration list for PBXNativeTarget "FirstDemoTests" */ = {
			isa = XCConfigurationList;
			buildConfigurations = (
				D2EF73D71C82DC64002A6858 /* Debug */,
				D2EF73D81C82DC64002A6858 /* Release */,
			);
			defaultConfigurationIsVisible = 0;
		};
		D2EF73D91C82DC64002A6858 /* Build configuration list for PBXNativeTarget "FirstDemoUITests" */ = {
			isa = XCConfigurationList;
			buildConfigurations = (
				D2EF73DA1C82DC64002A6858 /* Debug */,
				D2EF73DB1C82DC64002A6858 /* Release */,
			);
			defaultConfigurationIsVisible = 0;
		};
/* End XCConfigurationList section */
	};
	rootObject = D2EF73A31C82DC64002A6858 /* Project object */;
}
