// !$*UTF8*$!
{
	archiveVersion = 1;
	classes = {
	};
	objectVersion = 46;
	objects = {

/* Begin PBXBuildFile section */
		D2EF74231C83144C002A6858 /* AppDelegate.swift in Sources */ = {isa = PBXBuildFile; fileRef = D2EF74221C83144C002A6858 /* AppDelegate.swift */; };
		D2EF74251C83144C002A6858 /* ViewController.swift in Sources */ = {isa = PBXBuildFile; fileRef = D2EF74241C83144C002A6858 /* ViewController.swift */; };
		D2EF74281C83144C002A6858 /* Main.storyboard in Resources */ = {isa = PBXBuildFile; fileRef = D2EF74261C83144C002A6858 /* Main.storyboard */; };
		D2EF742A1C83144C002A6858 /* Assets.xcassets in Resources */ = {isa = PBXBuildFile; fileRef = D2EF74291C83144C002A6858 /* Assets.xcassets */; };
		D2EF742D1C83144C002A6858 /* LaunchScreen.storyboard in Resources */ = {isa = PBXBuildFile; fileRef = D2EF742B1C83144C002A6858 /* LaunchScreen.storyboard */; };
		D2EF74381C83144C002A6858 /* InterfaceExampleTests.swift in Sources */ = {isa = PBXBuildFile; fileRef = D2EF74371C83144C002A6858 /* InterfaceExampleTests.swift */; };
		D2EF74431C83144C002A6858 /* InterfaceExampleUITests.swift in Sources */ = {isa = PBXBuildFile; fileRef = D2EF74421C83144C002A6858 /* InterfaceExampleUITests.swift */; };
/* End PBXBuildFile section */

/* Begin PBXContainerItemProxy section */
		D2EF74341C83144C002A6858 /* PBXContainerItemProxy */ = {
			isa = PBXContainerItemProxy;
			containerPortal = D2EF74171C83144C002A6858 /* Project object */;
			proxyType = 1;
			remoteGlobalIDString = D2EF741E1C83144C002A6858;
			remoteInfo = InterfaceExample;
		};
		D2EF743F1C83144C002A6858 /* PBXContainerItemProxy */ = {
			isa = PBXContainerItemProxy;
			containerPortal = D2EF74171C83144C002A6858 /* Project object */;
			proxyType = 1;
			remoteGlobalIDString = D2EF741E1C83144C002A6858;
			remoteInfo = InterfaceExample;
		};
/* End PBXContainerItemProxy section */

/* Begin PBXFileReference section */
		D2EF741F1C83144C002A6858 /* InterfaceExample.app */ = {isa = PBXFileReference; explicitFileType = wrapper.application; includeInIndex = 0; path = InterfaceExample.app; sourceTree = BUILT_PRODUCTS_DIR; };
		D2EF74221C83144C002A6858 /* AppDelegate.swift */ = {isa = PBXFileReference; lastKnownFileType = sourcecode.swift; path = AppDelegate.swift; sourceTree = "<group>"; };
		D2EF74241C83144C002A6858 /* ViewController.swift */ = {isa = PBXFileReference; lastKnownFileType = sourcecode.swift; path = ViewController.swift; sourceTree = "<group>"; };
		D2EF74271C83144C002A6858 /* Base */ = {isa = PBXFileReference; lastKnownFileType = file.storyboard; name = Base; path = Base.lproj/Main.storyboard; sourceTree = "<group>"; };
		D2EF74291C83144C002A6858 /* Assets.xcassets */ = {isa = PBXFileReference; lastKnownFileType = folder.assetcatalog; path = Assets.xcassets; sourceTree = "<group>"; };
		D2EF742C1C83144C002A6858 /* Base */ = {isa = PBXFileReference; lastKnownFileType = file.storyboard; name = Base; path = Base.lproj/LaunchScreen.storyboard; sourceTree = "<group>"; };
		D2EF742E1C83144C002A6858 /* Info.plist */ = {isa = PBXFileReference; lastKnownFileType = text.plist.xml; path = Info.plist; sourceTree = "<group>"; };
		D2EF74331C83144C002A6858 /* InterfaceExampleTests.xctest */ = {isa = PBXFileReference; explicitFileType = wrapper.cfbundle; includeInIndex = 0; path = InterfaceExampleTests.xctest; sourceTree = BUILT_PRODUCTS_DIR; };
		D2EF74371C83144C002A6858 /* InterfaceExampleTests.swift */ = {isa = PBXFileReference; lastKnownFileType = sourcecode.swift; path = InterfaceExampleTests.swift; sourceTree = "<group>"; };
		D2EF74391C83144C002A6858 /* Info.plist */ = {isa = PBXFileReference; lastKnownFileType = text.plist.xml; path = Info.plist; sourceTree = "<group>"; };
		D2EF743E1C83144C002A6858 /* InterfaceExampleUITests.xctest */ = {isa = PBXFileReference; explicitFileType = wrapper.cfbundle; includeInIndex = 0; path = InterfaceExampleUITests.xctest; sourceTree = BUILT_PRODUCTS_DIR; };
		D2EF74421C83144C002A6858 /* InterfaceExampleUITests.swift */ = {isa = PBXFileReference; lastKnownFileType = sourcecode.swift; path = InterfaceExampleUITests.swift; sourceTree = "<group>"; };
		D2EF74441C83144C002A6858 /* Info.plist */ = {isa = PBXFileReference; lastKnownFileType = text.plist.xml; path = Info.plist; sourceTree = "<group>"; };
/* End PBXFileReference section */

/* Begin PBXFrameworksBuildPhase section */
		D2EF741C1C83144C002A6858 /* Frameworks */ = {
			isa = PBXFrameworksBuildPhase;
			buildActionMask = 2147483647;
			files = (
			);
			runOnlyForDeploymentPostprocessing = 0;
		};
		D2EF74301C83144C002A6858 /* Frameworks */ = {
			isa = PBXFrameworksBuildPhase;
			buildActionMask = 2147483647;
			files = (
			);
			runOnlyForDeploymentPostprocessing = 0;
		};
		D2EF743B1C83144C002A6858 /* Frameworks */ = {
			isa = PBXFrameworksBuildPhase;
			buildActionMask = 2147483647;
			files = (
			);
			runOnlyForDeploymentPostprocessing = 0;
		};
/* End PBXFrameworksBuildPhase section */

/* Begin PBXGroup section */
		D2EF74161C83144C002A6858 = {
			isa = PBXGroup;
			children = (
				D2EF74211C83144C002A6858 /* InterfaceExample */,
				D2EF74361C83144C002A6858 /* InterfaceExampleTests */,
				D2EF74411C83144C002A6858 /* InterfaceExampleUITests */,
				D2EF74201C83144C002A6858 /* Products */,
			);
			sourceTree = "<group>";
		};
		D2EF74201C83144C002A6858 /* Products */ = {
			isa = PBXGroup;
			children = (
				D2EF741F1C83144C002A6858 /* InterfaceExample.app */,
				D2EF74331C83144C002A6858 /* InterfaceExampleTests.xctest */,
				D2EF743E1C83144C002A6858 /* InterfaceExampleUITests.xctest */,
			);
			name = Products;
			sourceTree = "<group>";
		};
		D2EF74211C83144C002A6858 /* InterfaceExample */ = {
			isa = PBXGroup;
			children = (
				D2EF74221C83144C002A6858 /* AppDelegate.swift */,
				D2EF74241C83144C002A6858 /* ViewController.swift */,
				D2EF74261C83144C002A6858 /* Main.storyboard */,
				D2EF74291C83144C002A6858 /* Assets.xcassets */,
				D2EF742B1C83144C002A6858 /* LaunchScreen.storyboard */,
				D2EF742E1C83144C002A6858 /* Info.plist */,
			);
			path = InterfaceExample;
			sourceTree = "<group>";
		};
		D2EF74361C83144C002A6858 /* InterfaceExampleTests */ = {
			isa = PBXGroup;
			children = (
				D2EF74371C83144C002A6858 /* InterfaceExampleTests.swift */,
				D2EF74391C83144C002A6858 /* Info.plist */,
			);
			path = InterfaceExampleTests;
			sourceTree = "<group>";
		};
		D2EF74411C83144C002A6858 /* InterfaceExampleUITests */ = {
			isa = PBXGroup;
			children = (
				D2EF74421C83144C002A6858 /* InterfaceExampleUITests.swift */,
				D2EF74441C83144C002A6858 /* Info.plist */,
			);
			path = InterfaceExampleUITests;
			sourceTree = "<group>";
		};
/* End PBXGroup section */

/* Begin PBXNativeTarget section */
		D2EF741E1C83144C002A6858 /* InterfaceExample */ = {
			isa = PBXNativeTarget;
			buildConfigurationList = D2EF74471C83144C002A6858 /* Build configuration list for PBXNativeTarget "InterfaceExample" */;
			buildPhases = (
				D2EF741B1C83144C002A6858 /* Sources */,
				D2EF741C1C83144C002A6858 /* Frameworks */,
				D2EF741D1C83144C002A6858 /* Resources */,
			);
			buildRules = (
			);
			dependencies = (
			);
			name = InterfaceExample;
			productName = InterfaceExample;
			productReference = D2EF741F1C83144C002A6858 /* InterfaceExample.app */;
			productType = "com.apple.product-type.application";
		};
		D2EF74321C83144C002A6858 /* InterfaceExampleTests */ = {
			isa = PBXNativeTarget;
			buildConfigurationList = D2EF744A1C83144C002A6858 /* Build configuration list for PBXNativeTarget "InterfaceExampleTests" */;
			buildPhases = (
				D2EF742F1C83144C002A6858 /* Sources */,
				D2EF74301C83144C002A6858 /* Frameworks */,
				D2EF74311C83144C002A6858 /* Resources */,
			);
			buildRules = (
			);
			dependencies = (
				D2EF74351C83144C002A6858 /* PBXTargetDependency */,
			);
			name = InterfaceExampleTests;
			productName = InterfaceExampleTests;
			productReference = D2EF74331C83144C002A6858 /* InterfaceExampleTests.xctest */;
			productType = "com.apple.product-type.bundle.unit-test";
		};
		D2EF743D1C83144C002A6858 /* InterfaceExampleUITests */ = {
			isa = PBXNativeTarget;
			buildConfigurationList = D2EF744D1C83144C002A6858 /* Build configuration list for PBXNativeTarget "InterfaceExampleUITests" */;
			buildPhases = (
				D2EF743A1C83144C002A6858 /* Sources */,
				D2EF743B1C83144C002A6858 /* Frameworks */,
				D2EF743C1C83144C002A6858 /* Resources */,
			);
			buildRules = (
			);
			dependencies = (
				D2EF74401C83144C002A6858 /* PBXTargetDependency */,
			);
			name = InterfaceExampleUITests;
			productName = InterfaceExampleUITests;
			productReference = D2EF743E1C83144C002A6858 /* InterfaceExampleUITests.xctest */;
			productType = "com.apple.product-type.bundle.ui-testing";
		};
/* End PBXNativeTarget section */

/* Begin PBXProject section */
		D2EF74171C83144C002A6858 /* Project object */ = {
			isa = PBXProject;
			attributes = {
				LastSwiftUpdateCheck = 0720;
				LastUpgradeCheck = 0720;
				ORGANIZATIONNAME = "Vladimir Valter";
				TargetAttributes = {
					D2EF741E1C83144C002A6858 = {
						CreatedOnToolsVersion = 7.2.1;
					};
					D2EF74321C83144C002A6858 = {
						CreatedOnToolsVersion = 7.2.1;
						TestTargetID = D2EF741E1C83144C002A6858;
					};
					D2EF743D1C83144C002A6858 = {
						CreatedOnToolsVersion = 7.2.1;
						TestTargetID = D2EF741E1C83144C002A6858;
					};
				};
			};
			buildConfigurationList = D2EF741A1C83144C002A6858 /* Build configuration list for PBXProject "InterfaceExample" */;
			compatibilityVersion = "Xcode 3.2";
			developmentRegion = English;
			hasScannedForEncodings = 0;
			knownRegions = (
				en,
				Base,
			);
			mainGroup = D2EF74161C83144C002A6858;
			productRefGroup = D2EF74201C83144C002A6858 /* Products */;
			projectDirPath = "";
			projectRoot = "";
			targets = (
				D2EF741E1C83144C002A6858 /* InterfaceExample */,
				D2EF74321C83144C002A6858 /* InterfaceExampleTests */,
				D2EF743D1C83144C002A6858 /* InterfaceExampleUITests */,
			);
		};
/* End PBXProject section */

/* Begin PBXResourcesBuildPhase section */
		D2EF741D1C83144C002A6858 /* Resources */ = {
			isa = PBXResourcesBuildPhase;
			buildActionMask = 2147483647;
			files = (
				D2EF742D1C83144C002A6858 /* LaunchScreen.storyboard in Resources */,
				D2EF742A1C83144C002A6858 /* Assets.xcassets in Resources */,
				D2EF74281C83144C002A6858 /* Main.storyboard in Resources */,
			);
			runOnlyForDeploymentPostprocessing = 0;
		};
		D2EF74311C83144C002A6858 /* Resources */ = {
			isa = PBXResourcesBuildPhase;
			buildActionMask = 2147483647;
			files = (
			);
			runOnlyForDeploymentPostprocessing = 0;
		};
		D2EF743C1C83144C002A6858 /* Resources */ = {
			isa = PBXResourcesBuildPhase;
			buildActionMask = 2147483647;
			files = (
			);
			runOnlyForDeploymentPostprocessing = 0;
		};
/* End PBXResourcesBuildPhase section */

/* Begin PBXSourcesBuildPhase section */
		D2EF741B1C83144C002A6858 /* Sources */ = {
			isa = PBXSourcesBuildPhase;
			buildActionMask = 2147483647;
			files = (
				D2EF74251C83144C002A6858 /* ViewController.swift in Sources */,
				D2EF74231C83144C002A6858 /* AppDelegate.swift in Sources */,
			);
			runOnlyForDeploymentPostprocessing = 0;
		};
		D2EF742F1C83144C002A6858 /* Sources */ = {
			isa = PBXSourcesBuildPhase;
			buildActionMask = 2147483647;
			files = (
				D2EF74381C83144C002A6858 /* InterfaceExampleTests.swift in Sources */,
			);
			runOnlyForDeploymentPostprocessing = 0;
		};
		D2EF743A1C83144C002A6858 /* Sources */ = {
			isa = PBXSourcesBuildPhase;
			buildActionMask = 2147483647;
			files = (
				D2EF74431C83144C002A6858 /* InterfaceExampleUITests.swift in Sources */,
			);
			runOnlyForDeploymentPostprocessing = 0;
		};
/* End PBXSourcesBuildPhase section */

/* Begin PBXTargetDependency section */
		D2EF74351C83144C002A6858 /* PBXTargetDependency */ = {
			isa = PBXTargetDependency;
			target = D2EF741E1C83144C002A6858 /* InterfaceExample */;
			targetProxy = D2EF74341C83144C002A6858 /* PBXContainerItemProxy */;
		};
		D2EF74401C83144C002A6858 /* PBXTargetDependency */ = {
			isa = PBXTargetDependency;
			target = D2EF741E1C83144C002A6858 /* InterfaceExample */;
			targetProxy = D2EF743F1C83144C002A6858 /* PBXContainerItemProxy */;
		};
/* End PBXTargetDependency section */

/* Begin PBXVariantGroup section */
		D2EF74261C83144C002A6858 /* Main.storyboard */ = {
			isa = PBXVariantGroup;
			children = (
				D2EF74271C83144C002A6858 /* Base */,
			);
			name = Main.storyboard;
			sourceTree = "<group>";
		};
		D2EF742B1C83144C002A6858 /* LaunchScreen.storyboard */ = {
			isa = PBXVariantGroup;
			children = (
				D2EF742C1C83144C002A6858 /* Base */,
			);
			name = LaunchScreen.storyboard;
			sourceTree = "<group>";
		};
/* End PBXVariantGroup section */

/* Begin XCBuildConfiguration section */
		D2EF74451C83144C002A6858 /* Debug */ = {
			isa = XCBuildConfiguration;
			buildSettings = {
				ALWAYS_SEARCH_USER_PATHS = NO;
				CLANG_CXX_LANGUAGE_STANDARD = "gnu++0x";
				CLANG_CXX_LIBRARY = "libc++";
				CLANG_ENABLE_MODULES = YES;
				CLANG_ENABLE_OBJC_ARC = YES;
				CLANG_WARN_BOOL_CONVERSION = YES;
				CLANG_WARN_CONSTANT_CONVERSION = YES;
				CLANG_WARN_DIRECT_OBJC_ISA_USAGE = YES_ERROR;
				CLANG_WARN_EMPTY_BODY = YES;
				CLANG_WARN_ENUM_CONVERSION = YES;
				CLANG_WARN_INT_CONVERSION = YES;
				CLANG_WARN_OBJC_ROOT_CLASS = YES_ERROR;
				CLANG_WARN_UNREACHABLE_CODE = YES;
				CLANG_WARN__DUPLICATE_METHOD_MATCH = YES;
				"CODE_SIGN_IDENTITY[sdk=iphoneos*]" = "iPhone Developer";
				COPY_PHASE_STRIP = NO;
				DEBUG_INFORMATION_FORMAT = dwarf;
				ENABLE_STRICT_OBJC_MSGSEND = YES;
				ENABLE_TESTABILITY = YES;
				GCC_C_LANGUAGE_STANDARD = gnu99;
				GCC_DYNAMIC_NO_PIC = NO;
				GCC_NO_COMMON_BLOCKS = YES;
				GCC_OPTIMIZATION_LEVEL = 0;
				GCC_PREPROCESSOR_DEFINITIONS = (
					"DEBUG=1",
					"$(inherited)",
				);
				GCC_WARN_64_TO_32_BIT_CONVERSION = YES;
				GCC_WARN_ABOUT_RETURN_TYPE = YES_ERROR;
				GCC_WARN_UNDECLARED_SELECTOR = YES;
				GCC_WARN_UNINITIALIZED_AUTOS = YES_AGGRESSIVE;
				GCC_WARN_UNUSED_FUNCTION = YES;
				GCC_WARN_UNUSED_VARIABLE = YES;
				IPHONEOS_DEPLOYMENT_TARGET = 9.2;
				MTL_ENABLE_DEBUG_INFO = YES;
				ONLY_ACTIVE_ARCH = YES;
				SDKROOT = iphoneos;
				SWIFT_OPTIMIZATION_LEVEL = "-Onone";
			};
			name = Debug;
		};
		D2EF74461C83144C002A6858 /* Release */ = {
			isa = XCBuildConfiguration;
			buildSettings = {
				ALWAYS_SEARCH_USER_PATHS = NO;
				CLANG_CXX_LANGUAGE_STANDARD = "gnu++0x";
				CLANG_CXX_LIBRARY = "libc++";
				CLANG_ENABLE_MODULES = YES;
				CLANG_ENABLE_OBJC_ARC = YES;
				CLANG_WARN_BOOL_CONVERSION = YES;
				CLANG_WARN_CONSTANT_CONVERSION = YES;
				CLANG_WARN_DIRECT_OBJC_ISA_USAGE = YES_ERROR;
				CLANG_WARN_EMPTY_BODY = YES;
				CLANG_WARN_ENUM_CONVERSION = YES;
				CLANG_WARN_INT_CONVERSION = YES;
				CLANG_WARN_OBJC_ROOT_CLASS = YES_ERROR;
				CLANG_WARN_UNREACHABLE_CODE = YES;
				CLANG_WARN__DUPLICATE_METHOD_MATCH = YES;
				"CODE_SIGN_IDENTITY[sdk=iphoneos*]" = "iPhone Developer";
				COPY_PHASE_STRIP = NO;
				DEBUG_INFORMATION_FORMAT = "dwarf-with-dsym";
				ENABLE_NS_ASSERTIONS = NO;
				ENABLE_STRICT_OBJC_MSGSEND = YES;
				GCC_C_LANGUAGE_STANDARD = gnu99;
				GCC_NO_COMMON_BLOCKS = YES;
				GCC_WARN_64_TO_32_BIT_CONVERSION = YES;
				GCC_WARN_ABOUT_RETURN_TYPE = YES_ERROR;
				GCC_WARN_UNDECLARED_SELECTOR = YES;
				GCC_WARN_UNINITIALIZED_AUTOS = YES_AGGRESSIVE;
				GCC_WARN_UNUSED_FUNCTION = YES;
				GCC_WARN_UNUSED_VARIABLE = YES;
				IPHONEOS_DEPLOYMENT_TARGET = 9.2;
				MTL_ENABLE_DEBUG_INFO = NO;
				SDKROOT = iphoneos;
				VALIDATE_PRODUCT = YES;
			};
			name = Release;
		};
		D2EF74481C83144C002A6858 /* Debug */ = {
			isa = XCBuildConfiguration;
			buildSettings = {
				ASSETCATALOG_COMPILER_APPICON_NAME = AppIcon;
				INFOPLIST_FILE = InterfaceExample/Info.plist;
				LD_RUNPATH_SEARCH_PATHS = "$(inherited) @executable_path/Frameworks";
				PRODUCT_BUNDLE_IDENTIFIER = com.vladimirvalter.InterfaceExample;
				PRODUCT_NAME = "$(TARGET_NAME)";
			};
			name = Debug;
		};
		D2EF74491C83144C002A6858 /* Release */ = {
			isa = XCBuildConfiguration;
			buildSettings = {
				ASSETCATALOG_COMPILER_APPICON_NAME = AppIcon;
				INFOPLIST_FILE = InterfaceExample/Info.plist;
				LD_RUNPATH_SEARCH_PATHS = "$(inherited) @executable_path/Frameworks";
				PRODUCT_BUNDLE_IDENTIFIER = com.vladimirvalter.InterfaceExample;
				PRODUCT_NAME = "$(TARGET_NAME)";
			};
			name = Release;
		};
		D2EF744B1C83144C002A6858 /* Debug */ = {
			isa = XCBuildConfiguration;
			buildSettings = {
				BUNDLE_LOADER = "$(TEST_HOST)";
				INFOPLIST_FILE = InterfaceExampleTests/Info.plist;
				LD_RUNPATH_SEARCH_PATHS = "$(inherited) @executable_path/Frameworks @loader_path/Frameworks";
				PRODUCT_BUNDLE_IDENTIFIER = com.vladimirvalter.InterfaceExampleTests;
				PRODUCT_NAME = "$(TARGET_NAME)";
				TEST_HOST = "$(BUILT_PRODUCTS_DIR)/InterfaceExample.app/InterfaceExample";
			};
			name = Debug;
		};
		D2EF744C1C83144C002A6858 /* Release */ = {
			isa = XCBuildConfiguration;
			buildSettings = {
				BUNDLE_LOADER = "$(TEST_HOST)";
				INFOPLIST_FILE = InterfaceExampleTests/Info.plist;
				LD_RUNPATH_SEARCH_PATHS = "$(inherited) @executable_path/Frameworks @loader_path/Frameworks";
				PRODUCT_BUNDLE_IDENTIFIER = com.vladimirvalter.InterfaceExampleTests;
				PRODUCT_NAME = "$(TARGET_NAME)";
				TEST_HOST = "$(BUILT_PRODUCTS_DIR)/InterfaceExample.app/InterfaceExample";
			};
			name = Release;
		};
		D2EF744E1C83144C002A6858 /* Debug */ = {
			isa = XCBuildConfiguration;
			buildSettings = {
				INFOPLIST_FILE = InterfaceExampleUITests/Info.plist;
				LD_RUNPATH_SEARCH_PATHS = "$(inherited) @executable_path/Frameworks @loader_path/Frameworks";
				PRODUCT_BUNDLE_IDENTIFIER = com.vladimirvalter.InterfaceExampleUITests;
				PRODUCT_NAME = "$(TARGET_NAME)";
				TEST_TARGET_NAME = InterfaceExample;
				USES_XCTRUNNER = YES;
			};
			name = Debug;
		};
		D2EF744F1C83144C002A6858 /* Release */ = {
			isa = XCBuildConfiguration;
			buildSettings = {
				INFOPLIST_FILE = InterfaceExampleUITests/Info.plist;
				LD_RUNPATH_SEARCH_PATHS = "$(inherited) @executable_path/Frameworks @loader_path/Frameworks";
				PRODUCT_BUNDLE_IDENTIFIER = com.vladimirvalter.InterfaceExampleUITests;
				PRODUCT_NAME = "$(TARGET_NAME)";
				TEST_TARGET_NAME = InterfaceExample;
				USES_XCTRUNNER = YES;
			};
			name = Release;
		};
/* End XCBuildConfiguration section */

/* Begin XCConfigurationList section */
		D2EF741A1C83144C002A6858 /* Build configuration list for PBXProject "InterfaceExample" */ = {
			isa = XCConfigurationList;
			buildConfigurations = (
				D2EF74451C83144C002A6858 /* Debug */,
				D2EF74461C83144C002A6858 /* Release */,
			);
			defaultConfigurationIsVisible = 0;
			defaultConfigurationName = Release;
		};
		D2EF74471C83144C002A6858 /* Build configuration list for PBXNativeTarget "InterfaceExample" */ = {
			isa = XCConfigurationList;
			buildConfigurations = (
				D2EF74481C83144C002A6858 /* Debug */,
				D2EF74491C83144C002A6858 /* Release */,
			);
			defaultConfigurationIsVisible = 0;
		};
		D2EF744A1C83144C002A6858 /* Build configuration list for PBXNativeTarget "InterfaceExampleTests" */ = {
			isa = XCConfigurationList;
			buildConfigurations = (
				D2EF744B1C83144C002A6858 /* Debug */,
				D2EF744C1C83144C002A6858 /* Release */,
			);
			defaultConfigurationIsVisible = 0;
		};
		D2EF744D1C83144C002A6858 /* Build configuration list for PBXNativeTarget "InterfaceExampleUITests" */ = {
			isa = XCConfigurationList;
			buildConfigurations = (
				D2EF744E1C83144C002A6858 /* Debug */,
				D2EF744F1C83144C002A6858 /* Release */,
			);
			defaultConfigurationIsVisible = 0;
		};
/* End XCConfigurationList section */
	};
	rootObject = D2EF74171C83144C002A6858 /* Project object */;
}
